
Microsoft Visual Studio Solution File, Format Version 12.00
# Visual Studio Version 17
VisualStudioVersion = 17.8.34309.116
MinimumVisualStudioVersion = 10.0.40219.1
Project("{9A19103F-16F7-4668-BE54-9A1E7A4F7556}") = "thachthaiminhWeb", "thachthaiminhWeb\thachthaiminhWeb.csproj", "{3892D1C3-92AB-4059-9DAF-478222BE1DD8}"
EndProject
Project("{FAE04EC0-301F-11D3-BF4B-00C04F79EFBC}") = "thachthaiminh.DataAccess", "thachthaiminh.DataAccess\thachthaiminh.DataAccess.csproj", "{A91A3820-F814-47BD-BA22-626C32E5E110}"
EndProject
Project("{FAE04EC0-301F-11D3-BF4B-00C04F79EFBC}") = "thachthaiminh.Models", "thachthaiminh.Models\thachthaiminh.Models.csproj", "{0F3B49D2-9EE9-421F-8019-6085F15CEEBF}"
EndProject
Project("{FAE04EC0-301F-11D3-BF4B-00C04F79EFBC}") = "thachthaiminh.Utility", "thachthaiminh.Utility\thachthaiminh.Utility.csproj", "{74110979-FF91-470E-A863-EF60577FB69F}"
EndProject
Global
	GlobalSection(SolutionConfigurationPlatforms) = preSolution
		Debug|Any CPU = Debug|Any CPU
		Release|Any CPU = Release|Any CPU
	EndGlobalSection
	GlobalSection(ProjectConfigurationPlatforms) = postSolution
		{3892D1C3-92AB-4059-9DAF-478222BE1DD8}.Debug|Any CPU.ActiveCfg = Debug|Any CPU
		{3892D1C3-92AB-4059-9DAF-478222BE1DD8}.Debug|Any CPU.Build.0 = Debug|Any CPU
		{3892D1C3-92AB-4059-9DAF-478222BE1DD8}.Release|Any CPU.ActiveCfg = Release|Any CPU
		{3892D1C3-92AB-4059-9DAF-478222BE1DD8}.Release|Any CPU.Build.0 = Release|Any CPU
		{A91A3820-F814-47BD-BA22-626C32E5E110}.Debug|Any CPU.ActiveCfg = Debug|Any CPU
		{A91A3820-F814-47BD-BA22-626C32E5E110}.Debug|Any CPU.Build.0 = Debug|Any CPU
		{A91A3820-F814-47BD-BA22-626C32E5E110}.Release|Any CPU.ActiveCfg = Release|Any CPU
		{A91A3820-F814-47BD-BA22-626C32E5E110}.Release|Any CPU.Build.0 = Release|Any CPU
		{0F3B49D2-9EE9-421F-8019-6085F15CEEBF}.Debug|Any CPU.ActiveCfg = Debug|Any CPU
		{0F3B49D2-9EE9-421F-8019-6085F15CEEBF}.Debug|Any CPU.Build.0 = Debug|Any CPU
		{0F3B49D2-9EE9-421F-8019-6085F15CEEBF}.Release|Any CPU.ActiveCfg = Release|Any CPU
		{0F3B49D2-9EE9-421F-8019-6085F15CEEBF}.Release|Any CPU.Build.0 = Release|Any CPU
		{74110979-FF91-470E-A863-EF60577FB69F}.Debug|Any CPU.ActiveCfg = Debug|Any CPU
		{74110979-FF91-470E-A863-EF60577FB69F}.Debug|Any CPU.Build.0 = Debug|Any CPU
		{74110979-FF91-470E-A863-EF60577FB69F}.Release|Any CPU.ActiveCfg = Release|Any CPU
		{74110979-FF91-470E-A863-EF60577FB69F}.Release|Any CPU.Build.0 = Release|Any CPU
	EndGlobalSection
	GlobalSection(SolutionProperties) = preSolution
		HideSolutionNode = FALSE
	EndGlobalSection
	GlobalSection(ExtensibilityGlobals) = postSolution
		SolutionGuid = {E532ED8E-F567-4B1F-8112-B919A2986F64}
	EndGlobalSection
EndGlobal
